// !$*UTF8*$!
{
	archiveVersion = 1;
	classes = {
	};
	objectVersion = 48;
	objects = {

/* Begin PBXBuildFile section */
		C2AACA4C20453E6D00063249 /* AppDelegate.swift in Sources */ = {isa = PBXBuildFile; fileRef = C2AACA4B20453E6D00063249 /* AppDelegate.swift */; };
		C2AACA4E20453E6E00063249 /* ViewController.swift in Sources */ = {isa = PBXBuildFile; fileRef = C2AACA4D20453E6E00063249 /* ViewController.swift */; };
		C2AACA5120453E6E00063249 /* Main.storyboard in Resources */ = {isa = PBXBuildFile; fileRef = C2AACA4F20453E6E00063249 /* Main.storyboard */; };
		C2AACA5320453E6E00063249 /* Assets.xcassets in Resources */ = {isa = PBXBuildFile; fileRef = C2AACA5220453E6E00063249 /* Assets.xcassets */; };
		C2AACA5620453E6E00063249 /* LaunchScreen.storyboard in Resources */ = {isa = PBXBuildFile; fileRef = C2AACA5420453E6E00063249 /* LaunchScreen.storyboard */; };
		C2AACA6320453F4B00063249 /* IQUIViewController+Additions.swift in Sources */ = {isa = PBXBuildFile; fileRef = C2AACA5D20453F2200063249 /* IQUIViewController+Additions.swift */; };
		C2AACA6420453F4B00063249 /* IQUIWindow+Hierarchy.swift in Sources */ = {isa = PBXBuildFile; fileRef = C2AACA5E20453F2E00063249 /* IQUIWindow+Hierarchy.swift */; };
		C2AACA6520453F4B00063249 /* IQNSArray+Sort.swift in Sources */ = {isa = PBXBuildFile; fileRef = C2AACA5F20453F3800063249 /* IQNSArray+Sort.swift */; };
		C2AACA6620453F4B00063249 /* IQUITextFieldView+Additions.swift in Sources */ = {isa = PBXBuildFile; fileRef = C2AACA6020453F3E00063249 /* IQUITextFieldView+Additions.swift */; };
		C2AACA6720453F4B00063249 /* IQUIView+Hierarchy.swift in Sources */ = {isa = PBXBuildFile; fileRef = C2AACA6120453F4700063249 /* IQUIView+Hierarchy.swift */; };
		C2AACA6820453F4B00063249 /* IQUIScrollView+Additions.swift in Sources */ = {isa = PBXBuildFile; fileRef = C2AACA6220453F4A00063249 /* IQUIScrollView+Additions.swift */; };
		C2AACA6D20453F9000063249 /* IQKeyboardManagerConstantsInternal.swift in Sources */ = {isa = PBXBuildFile; fileRef = C2AACA6B20453F8F00063249 /* IQKeyboardManagerConstantsInternal.swift */; };
		C2AACA6E20453F9000063249 /* IQKeyboardManagerConstants.swift in Sources */ = {isa = PBXBuildFile; fileRef = C2AACA6C20453F9000063249 /* IQKeyboardManagerConstants.swift */; };
		C2AACA7220454C4A00063249 /* IQKeyboardReturnKeyHandler.swift in Sources */ = {isa = PBXBuildFile; fileRef = C2AACA7020454C4900063249 /* IQKeyboardReturnKeyHandler.swift */; };
		C2AACA7320454C4A00063249 /* IQKeyboardManager.swift in Sources */ = {isa = PBXBuildFile; fileRef = C2AACA7120454C4A00063249 /* IQKeyboardManager.swift */; };
		C2AACA7520454C5200063249 /* IQTextView.swift in Sources */ = {isa = PBXBuildFile; fileRef = C2AACA7420454C5200063249 /* IQTextView.swift */; };
		C2AACA7C20454C6500063249 /* IQBarButtonItem.swift in Sources */ = {isa = PBXBuildFile; fileRef = C2AACA7720454C6400063249 /* IQBarButtonItem.swift */; };
		C2AACA7D20454C6500063249 /* IQTitleBarButtonItem.swift in Sources */ = {isa = PBXBuildFile; fileRef = C2AACA7820454C6400063249 /* IQTitleBarButtonItem.swift */; };
		C2AACA7E20454C6500063249 /* IQPreviousNextView.swift in Sources */ = {isa = PBXBuildFile; fileRef = C2AACA7920454C6400063249 /* IQPreviousNextView.swift */; };
		C2AACA7F20454C6500063249 /* IQUIView+IQKeyboardToolbar.swift in Sources */ = {isa = PBXBuildFile; fileRef = C2AACA7A20454C6500063249 /* IQUIView+IQKeyboardToolbar.swift */; };
		C2AACA8020454C6500063249 /* IQToolbar.swift in Sources */ = {isa = PBXBuildFile; fileRef = C2AACA7B20454C6500063249 /* IQToolbar.swift */; };
		C2AACA8420454C9100063249 /* IQKeyboardManager.bundle in Resources */ = {isa = PBXBuildFile; fileRef = C2AACA8320454C9000063249 /* IQKeyboardManager.bundle */; };
		C2AACA8620454D1D00063249 /* SignUP.storyboard in Resources */ = {isa = PBXBuildFile; fileRef = C2AACA8520454D1D00063249 /* SignUP.storyboard */; };
		C2AACA8820454D3600063249 /* SignUpViewController.swift in Sources */ = {isa = PBXBuildFile; fileRef = C2AACA8720454D3600063249 /* SignUpViewController.swift */; };
/* End PBXBuildFile section */

/* Begin PBXFileReference section */
		C2AACA4820453E6D00063249 /* IQTestDemo.app */ = {isa = PBXFileReference; explicitFileType = wrapper.application; includeInIndex = 0; path = IQTestDemo.app; sourceTree = BUILT_PRODUCTS_DIR; };
		C2AACA4B20453E6D00063249 /* AppDelegate.swift */ = {isa = PBXFileReference; lastKnownFileType = sourcecode.swift; path = AppDelegate.swift; sourceTree = "<group>"; };
		C2AACA4D20453E6E00063249 /* ViewController.swift */ = {isa = PBXFileReference; lastKnownFileType = sourcecode.swift; path = ViewController.swift; sourceTree = "<group>"; };
		C2AACA5020453E6E00063249 /* Base */ = {isa = PBXFileReference; lastKnownFileType = file.storyboard; name = Base; path = Base.lproj/Main.storyboard; sourceTree = "<group>"; };
		C2AACA5220453E6E00063249 /* Assets.xcassets */ = {isa = PBXFileReference; lastKnownFileType = folder.assetcatalog; path = Assets.xcassets; sourceTree = "<group>"; };
		C2AACA5520453E6E00063249 /* Base */ = {isa = PBXFileReference; lastKnownFileType = file.storyboard; name = Base; path = Base.lproj/LaunchScreen.storyboard; sourceTree = "<group>"; };
		C2AACA5720453E6E00063249 /* Info.plist */ = {isa = PBXFileReference; lastKnownFileType = text.plist.xml; path = Info.plist; sourceTree = "<group>"; };
		C2AACA5D20453F2200063249 /* IQUIViewController+Additions.swift */ = {isa = PBXFileReference; fileEncoding = 4; lastKnownFileType = sourcecode.swift; path = "IQUIViewController+Additions.swift"; sourceTree = "<group>"; };
		C2AACA5E20453F2E00063249 /* IQUIWindow+Hierarchy.swift */ = {isa = PBXFileReference; fileEncoding = 4; lastKnownFileType = sourcecode.swift; path = "IQUIWindow+Hierarchy.swift"; sourceTree = "<group>"; };
		C2AACA5F20453F3800063249 /* IQNSArray+Sort.swift */ = {isa = PBXFileReference; fileEncoding = 4; lastKnownFileType = sourcecode.swift; path = "IQNSArray+Sort.swift"; sourceTree = "<group>"; };
		C2AACA6020453F3E00063249 /* IQUITextFieldView+Additions.swift */ = {isa = PBXFileReference; fileEncoding = 4; lastKnownFileType = sourcecode.swift; path = "IQUITextFieldView+Additions.swift"; sourceTree = "<group>"; };
		C2AACA6120453F4700063249 /* IQUIView+Hierarchy.swift */ = {isa = PBXFileReference; fileEncoding = 4; lastKnownFileType = sourcecode.swift; path = "IQUIView+Hierarchy.swift"; sourceTree = "<group>"; };
		C2AACA6220453F4A00063249 /* IQUIScrollView+Additions.swift */ = {isa = PBXFileReference; fileEncoding = 4; lastKnownFileType = sourcecode.swift; path = "IQUIScrollView+Additions.swift"; sourceTree = "<group>"; };
		C2AACA6B20453F8F00063249 /* IQKeyboardManagerConstantsInternal.swift */ = {isa = PBXFileReference; fileEncoding = 4; lastKnownFileType = sourcecode.swift; path = IQKeyboardManagerConstantsInternal.swift; sourceTree = "<group>"; };
		C2AACA6C20453F9000063249 /* IQKeyboardManagerConstants.swift */ = {isa = PBXFileReference; fileEncoding = 4; lastKnownFileType = sourcecode.swift; path = IQKeyboardManagerConstants.swift; sourceTree = "<group>"; };
		C2AACA7020454C4900063249 /* IQKeyboardReturnKeyHandler.swift */ = {isa = PBXFileReference; fileEncoding = 4; lastKnownFileType = sourcecode.swift; path = IQKeyboardReturnKeyHandler.swift; sourceTree = "<group>"; };
		C2AACA7120454C4A00063249 /* IQKeyboardManager.swift */ = {isa = PBXFileReference; fileEncoding = 4; lastKnownFileType = sourcecode.swift; path = IQKeyboardManager.swift; sourceTree = "<group>"; };
		C2AACA7420454C5200063249 /* IQTextView.swift */ = {isa = PBXFileReference; fileEncoding = 4; lastKnownFileType = sourcecode.swift; path = IQTextView.swift; sourceTree = "<group>"; };
		C2AACA7720454C6400063249 /* IQBarButtonItem.swift */ = {isa = PBXFileReference; fileEncoding = 4; lastKnownFileType = sourcecode.swift; path = IQBarButtonItem.swift; sourceTree = "<group>"; };
		C2AACA7820454C6400063249 /* IQTitleBarButtonItem.swift */ = {isa = PBXFileReference; fileEncoding = 4; lastKnownFileType = sourcecode.swift; path = IQTitleBarButtonItem.swift; sourceTree = "<group>"; };
		C2AACA7920454C6400063249 /* IQPreviousNextView.swift */ = {isa = PBXFileReference; fileEncoding = 4; lastKnownFileType = sourcecode.swift; path = IQPreviousNextView.swift; sourceTree = "<group>"; };
		C2AACA7A20454C6500063249 /* IQUIView+IQKeyboardToolbar.swift */ = {isa = PBXFileReference; fileEncoding = 4; lastKnownFileType = sourcecode.swift; path = "IQUIView+IQKeyboardToolbar.swift"; sourceTree = "<group>"; };
		C2AACA7B20454C6500063249 /* IQToolbar.swift */ = {isa = PBXFileReference; fileEncoding = 4; lastKnownFileType = sourcecode.swift; path = IQToolbar.swift; sourceTree = "<group>"; };
		C2AACA8320454C9000063249 /* IQKeyboardManager.bundle */ = {isa = PBXFileReference; lastKnownFileType = "wrapper.plug-in"; path = IQKeyboardManager.bundle; sourceTree = "<group>"; };
		C2AACA8520454D1D00063249 /* SignUP.storyboard */ = {isa = PBXFileReference; lastKnownFileType = file.storyboard; path = SignUP.storyboard; sourceTree = "<group>"; };
		C2AACA8720454D3600063249 /* SignUpViewController.swift */ = {isa = PBXFileReference; lastKnownFileType = sourcecode.swift; path = SignUpViewController.swift; sourceTree = "<group>"; };
/* End PBXFileReference section */

/* Begin PBXFrameworksBuildPhase section */
		C2AACA4520453E6D00063249 /* Frameworks */ = {
			isa = PBXFrameworksBuildPhase;
			buildActionMask = 2147483647;
			files = (
			);
			runOnlyForDeploymentPostprocessing = 0;
		};
/* End PBXFrameworksBuildPhase section */

/* Begin PBXGroup section */
		C2AACA3F20453E6B00063249 = {
			isa = PBXGroup;
			children = (
				C2AACA4A20453E6D00063249 /* IQTestDemo */,
				C2AACA4920453E6D00063249 /* Products */,
			);
			sourceTree = "<group>";
		};
		C2AACA4920453E6D00063249 /* Products */ = {
			isa = PBXGroup;
			children = (
				C2AACA4820453E6D00063249 /* IQTestDemo.app */,
			);
			name = Products;
			sourceTree = "<group>";
		};
		C2AACA4A20453E6D00063249 /* IQTestDemo */ = {
			isa = PBXGroup;
			children = (
				C2AACA6920453F5D00063249 /* IQKeyBoard */,
				C2AACA4B20453E6D00063249 /* AppDelegate.swift */,
				C2AACA4D20453E6E00063249 /* ViewController.swift */,
				C2AACA8720454D3600063249 /* SignUpViewController.swift */,
				C2AACA4F20453E6E00063249 /* Main.storyboard */,
				C2AACA8520454D1D00063249 /* SignUP.storyboard */,
				C2AACA5220453E6E00063249 /* Assets.xcassets */,
				C2AACA5420453E6E00063249 /* LaunchScreen.storyboard */,
				C2AACA5720453E6E00063249 /* Info.plist */,
			);
			path = IQTestDemo;
			sourceTree = "<group>";
		};
		C2AACA6920453F5D00063249 /* IQKeyBoard */ = {
			isa = PBXGroup;
			children = (
				C2AACA7120454C4A00063249 /* IQKeyboardManager.swift */,
				C2AACA7020454C4900063249 /* IQKeyboardReturnKeyHandler.swift */,
				C2AACA8220454C9000063249 /* Resources */,
				C2AACA8120454C7100063249 /* IQToolBar */,
				C2AACA7620454C5500063249 /* IQTextView */,
				C2AACA6F20453F9700063249 /* Constants */,
				C2AACA6A20453F7000063249 /* Categories */,
			);
			path = IQKeyBoard;
			sourceTree = "<group>";
		};
		C2AACA6A20453F7000063249 /* Categories */ = {
			isa = PBXGroup;
			children = (
				C2AACA5F20453F3800063249 /* IQNSArray+Sort.swift */,
				C2AACA6220453F4A00063249 /* IQUIScrollView+Additions.swift */,
				C2AACA6020453F3E00063249 /* IQUITextFieldView+Additions.swift */,
				C2AACA6120453F4700063249 /* IQUIView+Hierarchy.swift */,
				C2AACA5D20453F2200063249 /* IQUIViewController+Additions.swift */,
				C2AACA5E20453F2E00063249 /* IQUIWindow+Hierarchy.swift */,
			);
			path = Categories;
			sourceTree = "<group>";
		};
		C2AACA6F20453F9700063249 /* Constants */ = {
			isa = PBXGroup;
			children = (
				C2AACA6C20453F9000063249 /* IQKeyboardManagerConstants.swift */,
				C2AACA6B20453F8F00063249 /* IQKeyboardManagerConstantsInternal.swift */,
			);
			path = Constants;
			sourceTree = "<group>";
		};
		C2AACA7620454C5500063249 /* IQTextView */ = {
			isa = PBXGroup;
			children = (
				C2AACA7420454C5200063249 /* IQTextView.swift */,
			);
			path = IQTextView;
			sourceTree = "<group>";
		};
		C2AACA8120454C7100063249 /* IQToolBar */ = {
			isa = PBXGroup;
			children = (
				C2AACA7720454C6400063249 /* IQBarButtonItem.swift */,
				C2AACA7920454C6400063249 /* IQPreviousNextView.swift */,
				C2AACA7820454C6400063249 /* IQTitleBarButtonItem.swift */,
				C2AACA7B20454C6500063249 /* IQToolbar.swift */,
				C2AACA7A20454C6500063249 /* IQUIView+IQKeyboardToolbar.swift */,
			);
			path = IQToolBar;
			sourceTree = "<group>";
		};
		C2AACA8220454C9000063249 /* Resources */ = {
			isa = PBXGroup;
			children = (
				C2AACA8320454C9000063249 /* IQKeyboardManager.bundle */,
			);
			path = Resources;
			sourceTree = "<group>";
		};
/* End PBXGroup section */

/* Begin PBXNativeTarget section */
		C2AACA4720453E6D00063249 /* IQTestDemo */ = {
			isa = PBXNativeTarget;
			buildConfigurationList = C2AACA5A20453E6E00063249 /* Build configuration list for PBXNativeTarget "IQTestDemo" */;
			buildPhases = (
				C2AACA4420453E6D00063249 /* Sources */,
				C2AACA4520453E6D00063249 /* Frameworks */,
				C2AACA4620453E6D00063249 /* Resources */,
			);
			buildRules = (
			);
			dependencies = (
			);
			name = IQTestDemo;
			productName = IQTestDemo;
			productReference = C2AACA4820453E6D00063249 /* IQTestDemo.app */;
			productType = "com.apple.product-type.application";
		};
/* End PBXNativeTarget section */

/* Begin PBXProject section */
		C2AACA4020453E6C00063249 /* Project object */ = {
			isa = PBXProject;
			attributes = {
				LastSwiftUpdateCheck = 0920;
				LastUpgradeCheck = 0920;
				ORGANIZATIONNAME = Sreenivasulareddy;
				TargetAttributes = {
					C2AACA4720453E6D00063249 = {
						CreatedOnToolsVersion = 9.2;
						ProvisioningStyle = Automatic;
					};
				};
			};
			buildConfigurationList = C2AACA4320453E6C00063249 /* Build configuration list for PBXProject "IQTestDemo" */;
			compatibilityVersion = "Xcode 8.0";
			developmentRegion = en;
			hasScannedForEncodings = 0;
			knownRegions = (
				en,
				Base,
			);
			mainGroup = C2AACA3F20453E6B00063249;
			productRefGroup = C2AACA4920453E6D00063249 /* Products */;
			projectDirPath = "";
			projectRoot = "";
			targets = (
				C2AACA4720453E6D00063249 /* IQTestDemo */,
			);
		};
/* End PBXProject section */

/* Begin PBXResourcesBuildPhase section */
		C2AACA4620453E6D00063249 /* Resources */ = {
			isa = PBXResourcesBuildPhase;
			buildActionMask = 2147483647;
			files = (
				C2AACA5620453E6E00063249 /* LaunchScreen.storyboard in Resources */,
				C2AACA8620454D1D00063249 /* SignUP.storyboard in Resources */,
				C2AACA5320453E6E00063249 /* Assets.xcassets in Resources */,
				C2AACA8420454C9100063249 /* IQKeyboardManager.bundle in Resources */,
				C2AACA5120453E6E00063249 /* Main.storyboard in Resources */,
			);
			runOnlyForDeploymentPostprocessing = 0;
		};
/* End PBXResourcesBuildPhase section */

/* Begin PBXSourcesBuildPhase section */
		C2AACA4420453E6D00063249 /* Sources */ = {
			isa = PBXSourcesBuildPhase;
			buildActionMask = 2147483647;
			files = (
				C2AACA7320454C4A00063249 /* IQKeyboardManager.swift in Sources */,
				C2AACA6320453F4B00063249 /* IQUIViewController+Additions.swift in Sources */,
				C2AACA7C20454C6500063249 /* IQBarButtonItem.swift in Sources */,
				C2AACA6520453F4B00063249 /* IQNSArray+Sort.swift in Sources */,
				C2AACA7E20454C6500063249 /* IQPreviousNextView.swift in Sources */,
				C2AACA7220454C4A00063249 /* IQKeyboardReturnKeyHandler.swift in Sources */,
				C2AACA6D20453F9000063249 /* IQKeyboardManagerConstantsInternal.swift in Sources */,
				C2AACA8820454D3600063249 /* SignUpViewController.swift in Sources */,
				C2AACA6620453F4B00063249 /* IQUITextFieldView+Additions.swift in Sources */,
				C2AACA4E20453E6E00063249 /* ViewController.swift in Sources */,
				C2AACA7F20454C6500063249 /* IQUIView+IQKeyboardToolbar.swift in Sources */,
				C2AACA6720453F4B00063249 /* IQUIView+Hierarchy.swift in Sources */,
				C2AACA7D20454C6500063249 /* IQTitleBarButtonItem.swift in Sources */,
				C2AACA6820453F4B00063249 /* IQUIScrollView+Additions.swift in Sources */,
				C2AACA4C20453E6D00063249 /* AppDelegate.swift in Sources */,
				C2AACA7520454C5200063249 /* IQTextView.swift in Sources */,
				C2AACA6E20453F9000063249 /* IQKeyboardManagerConstants.swift in Sources */,
				C2AACA6420453F4B00063249 /* IQUIWindow+Hierarchy.swift in Sources */,
				C2AACA8020454C6500063249 /* IQToolbar.swift in Sources */,
			);
			runOnlyForDeploymentPostprocessing = 0;
		};
/* End PBXSourcesBuildPhase section */

/* Begin PBXVariantGroup section */
		C2AACA4F20453E6E00063249 /* Main.storyboard */ = {
			isa = PBXVariantGroup;
			children = (
				C2AACA5020453E6E00063249 /* Base */,
			);
			name = Main.storyboard;
			sourceTree = "<group>";
		};
		C2AACA5420453E6E00063249 /* LaunchScreen.storyboard */ = {
			isa = PBXVariantGroup;
			children = (
				C2AACA5520453E6E00063249 /* Base */,
			);
			name = LaunchScreen.storyboard;
			sourceTree = "<group>";
		};
/* End PBXVariantGroup section */

/* Begin XCBuildConfiguration section */
		C2AACA5820453E6E00063249 /* Debug */ = {
			isa = XCBuildConfiguration;
			buildSettings = {
				ALWAYS_SEARCH_USER_PATHS = NO;
				CLANG_ANALYZER_NONNULL = YES;
				CLANG_ANALYZER_NUMBER_OBJECT_CONVERSION = YES_AGGRESSIVE;
				CLANG_CXX_LANGUAGE_STANDARD = "gnu++14";
				CLANG_CXX_LIBRARY = "libc++";
				CLANG_ENABLE_MODULES = YES;
				CLANG_ENABLE_OBJC_ARC = YES;
				CLANG_WARN_BLOCK_CAPTURE_AUTORELEASING = YES;
				CLANG_WARN_BOOL_CONVERSION = YES;
				CLANG_WARN_COMMA = YES;
				CLANG_WARN_CONSTANT_CONVERSION = YES;
				CLANG_WARN_DIRECT_OBJC_ISA_USAGE = YES_ERROR;
				CLANG_WARN_DOCUMENTATION_COMMENTS = YES;
				CLANG_WARN_EMPTY_BODY = YES;
				CLANG_WARN_ENUM_CONVERSION = YES;
				CLANG_WARN_INFINITE_RECURSION = YES;
				CLANG_WARN_INT_CONVERSION = YES;
				CLANG_WARN_NON_LITERAL_NULL_CONVERSION = YES;
				CLANG_WARN_OBJC_LITERAL_CONVERSION = YES;
				CLANG_WARN_OBJC_ROOT_CLASS = YES_ERROR;
				CLANG_WARN_RANGE_LOOP_ANALYSIS = YES;
				CLANG_WARN_STRICT_PROTOTYPES = YES;
				CLANG_WARN_SUSPICIOUS_MOVE = YES;
				CLANG_WARN_UNGUARDED_AVAILABILITY = YES_AGGRESSIVE;
				CLANG_WARN_UNREACHABLE_CODE = YES;
				CLANG_WARN__DUPLICATE_METHOD_MATCH = YES;
				CODE_SIGN_IDENTITY = "iPhone Developer";
				COPY_PHASE_STRIP = NO;
				DEBUG_INFORMATION_FORMAT = dwarf;
				ENABLE_STRICT_OBJC_MSGSEND = YES;
				ENABLE_TESTABILITY = YES;
				GCC_C_LANGUAGE_STANDARD = gnu11;
				GCC_DYNAMIC_NO_PIC = NO;
				GCC_NO_COMMON_BLOCKS = YES;
				GCC_OPTIMIZATION_LEVEL = 0;
				GCC_PREPROCESSOR_DEFINITIONS = (
					"DEBUG=1",
					"$(inherited)",
				);
				GCC_WARN_64_TO_32_BIT_CONVERSION = YES;
				GCC_WARN_ABOUT_RETURN_TYPE = YES_ERROR;
				GCC_WARN_UNDECLARED_SELECTOR = YES;
				GCC_WARN_UNINITIALIZED_AUTOS = YES_AGGRESSIVE;
				GCC_WARN_UNUSED_FUNCTION = YES;
				GCC_WARN_UNUSED_VARIABLE = YES;
				IPHONEOS_DEPLOYMENT_TARGET = 11.2;
				MTL_ENABLE_DEBUG_INFO = YES;
				ONLY_ACTIVE_ARCH = YES;
				SDKROOT = iphoneos;
				SWIFT_ACTIVE_COMPILATION_CONDITIONS = DEBUG;
				SWIFT_OPTIMIZATION_LEVEL = "-Onone";
			};
			name = Debug;
		};
		C2AACA5920453E6E00063249 /* Release */ = {
			isa = XCBuildConfiguration;
			buildSettings = {
				ALWAYS_SEARCH_USER_PATHS = NO;
				CLANG_ANALYZER_NONNULL = YES;
				CLANG_ANALYZER_NUMBER_OBJECT_CONVERSION = YES_AGGRESSIVE;
				CLANG_CXX_LANGUAGE_STANDARD = "gnu++14";
				CLANG_CXX_LIBRARY = "libc++";
				CLANG_ENABLE_MODULES = YES;
				CLANG_ENABLE_OBJC_ARC = YES;
				CLANG_WARN_BLOCK_CAPTURE_AUTORELEASING = YES;
				CLANG_WARN_BOOL_CONVERSION = YES;
				CLANG_WARN_COMMA = YES;
				CLANG_WARN_CONSTANT_CONVERSION = YES;
				CLANG_WARN_DIRECT_OBJC_ISA_USAGE = YES_ERROR;
				CLANG_WARN_DOCUMENTATION_COMMENTS = YES;
				CLANG_WARN_EMPTY_BODY = YES;
				CLANG_WARN_ENUM_CONVERSION = YES;
				CLANG_WARN_INFINITE_RECURSION = YES;
				CLANG_WARN_INT_CONVERSION = YES;
				CLANG_WARN_NON_LITERAL_NULL_CONVERSION = YES;
				CLANG_WARN_OBJC_LITERAL_CONVERSION = YES;
				CLANG_WARN_OBJC_ROOT_CLASS = YES_ERROR;
				CLANG_WARN_RANGE_LOOP_ANALYSIS = YES;
				CLANG_WARN_STRICT_PROTOTYPES = YES;
				CLANG_WARN_SUSPICIOUS_MOVE = YES;
				CLANG_WARN_UNGUARDED_AVAILABILITY = YES_AGGRESSIVE;
				CLANG_WARN_UNREACHABLE_CODE = YES;
				CLANG_WARN__DUPLICATE_METHOD_MATCH = YES;
				CODE_SIGN_IDENTITY = "iPhone Developer";
				COPY_PHASE_STRIP = NO;
				DEBUG_INFORMATION_FORMAT = "dwarf-with-dsym";
				ENABLE_NS_ASSERTIONS = NO;
				ENABLE_STRICT_OBJC_MSGSEND = YES;
				GCC_C_LANGUAGE_STANDARD = gnu11;
				GCC_NO_COMMON_BLOCKS = YES;
				GCC_WARN_64_TO_32_BIT_CONVERSION = YES;
				GCC_WARN_ABOUT_RETURN_TYPE = YES_ERROR;
				GCC_WARN_UNDECLARED_SELECTOR = YES;
				GCC_WARN_UNINITIALIZED_AUTOS = YES_AGGRESSIVE;
				GCC_WARN_UNUSED_FUNCTION = YES;
				GCC_WARN_UNUSED_VARIABLE = YES;
				IPHONEOS_DEPLOYMENT_TARGET = 11.2;
				MTL_ENABLE_DEBUG_INFO = NO;
				SDKROOT = iphoneos;
				SWIFT_OPTIMIZATION_LEVEL = "-Owholemodule";
				VALIDATE_PRODUCT = YES;
			};
			name = Release;
		};
		C2AACA5B20453E6E00063249 /* Debug */ = {
			isa = XCBuildConfiguration;
			buildSettings = {
				ASSETCATALOG_COMPILER_APPICON_NAME = AppIcon;
				CODE_SIGN_STYLE = Automatic;
				DEVELOPMENT_TEAM = C8CSMQKCZ9;
				INFOPLIST_FILE = IQTestDemo/Info.plist;
				LD_RUNPATH_SEARCH_PATHS = "$(inherited) @executable_path/Frameworks";
				PRODUCT_BUNDLE_IDENTIFIER = com.Sreenivasulareddy.IQTestDemo;
				PRODUCT_NAME = "$(TARGET_NAME)";
				SWIFT_VERSION = 4.0;
				TARGETED_DEVICE_FAMILY = "1,2";
			};
			name = Debug;
		};
		C2AACA5C20453E6E00063249 /* Release */ = {
			isa = XCBuildConfiguration;
			buildSettings = {
				ASSETCATALOG_COMPILER_APPICON_NAME = AppIcon;
				CODE_SIGN_STYLE = Automatic;
				DEVELOPMENT_TEAM = C8CSMQKCZ9;
				INFOPLIST_FILE = IQTestDemo/Info.plist;
				LD_RUNPATH_SEARCH_PATHS = "$(inherited) @executable_path/Frameworks";
				PRODUCT_BUNDLE_IDENTIFIER = com.Sreenivasulareddy.IQTestDemo;
				PRODUCT_NAME = "$(TARGET_NAME)";
				SWIFT_VERSION = 4.0;
				TARGETED_DEVICE_FAMILY = "1,2";
			};
			name = Release;
		};
/* End XCBuildConfiguration section */

/* Begin XCConfigurationList section */
		C2AACA4320453E6C00063249 /* Build configuration list for PBXProject "IQTestDemo" */ = {
			isa = XCConfigurationList;
			buildConfigurations = (
				C2AACA5820453E6E00063249 /* Debug */,
				C2AACA5920453E6E00063249 /* Release */,
			);
			defaultConfigurationIsVisible = 0;
			defaultConfigurationName = Release;
		};
		C2AACA5A20453E6E00063249 /* Build configuration list for PBXNativeTarget "IQTestDemo" */ = {
			isa = XCConfigurationList;
			buildConfigurations = (
				C2AACA5B20453E6E00063249 /* Debug */,
				C2AACA5C20453E6E00063249 /* Release */,
			);
			defaultConfigurationIsVisible = 0;
			defaultConfigurationName = Release;
		};
/* End XCConfigurationList section */
	};
	rootObject = C2AACA4020453E6C00063249 /* Project object */;
}
